
Microsoft Visual Studio Solution File, Format Version 12.00
# Visual Studio 15
VisualStudioVersion = 15.0.27004.2005
MinimumVisualStudioVersion = 10.0.40219.1
Project("{FAE04EC0-301F-11D3-BF4B-00C04F79EFBC}") = "VmaCalculation", "VmaCalculation\VmaCalculation.csproj", "{E65575A7-C4EA-4F60-A5FC-0122A15846AF}"
EndProject
Global
	GlobalSection(SolutionConfigurationPlatforms) = preSolution
		Debug|x86 = Debug|x86
		Release|x86 = Release|x86
	EndGlobalSection
	GlobalSection(ProjectConfigurationPlatforms) = postSolution
		{E65575A7-C4EA-4F60-A5FC-0122A15846AF}.Debug|x86.ActiveCfg = Debug|x86
		{E65575A7-C4EA-4F60-A5FC-0122A15846AF}.Debug|x86.Build.0 = Debug|x86
		{E65575A7-C4EA-4F60-A5FC-0122A15846AF}.Release|x86.ActiveCfg = Release|x86
		{E65575A7-C4EA-4F60-A5FC-0122A15846AF}.Release|x86.Build.0 = Release|x86
	EndGlobalSection
	GlobalSection(SolutionProperties) = preSolution
		HideSolutionNode = FALSE
	EndGlobalSection
	GlobalSection(ExtensibilityGlobals) = postSolution
		SolutionGuid = {6181A225-3704-422C-9805-CDABE6A5B1EA}
	EndGlobalSection
EndGlobal
